github.com/garyburd/redigo v1.6.0 h1:0VruCpn7yAIIu7pWVClQC8wxCJEcG3nyzpMSHKi1PQc=
github.com/garyburd/redigo v1.6.0/go.mod h1:NR3MbYisc3/PwhQ00EMzDiPmrwpPxAn5GI05/YaO1SY=
github.com/ostcar/topic v0.3.4-0.20200613094955-61bb28837a98 h1:F/nJ78OVR6ELrcXFmY/e/JMtWMgYEHAYFyxAkrXME10=
github.com/ostcar/topic v0.3.4-0.20200613094955-61bb28837a98/go.mod h1:61PcAdinfpVwmQTjP2W0rZoEJqnKku7zvGS9Ag4Si18=
